<?xml version="1.0" encoding="UTF-8" standalone="yes" ?>
<CodeBlocks_project_file>
	<FileVersion major="1" minor="6" />
	<Project>
		<Option title="TPGESTION" />
		<Option pch_mode="2" />
		<Option compiler="gcc" />
		<Option virtualFolders="Clientes/;Vendedores/;Autos/;Ventas/;Consultas/;Listados/;Reportes/;Auxiliares/" />
		<Build>
			<Target title="Debug">
				<Option output="bin/Debug/TPGESTION" prefix_auto="1" extension_auto="1" />
				<Option object_output="obj/Debug/" />
				<Option type="1" />
				<Option compiler="gcc" />
				<Compiler>
					<Add option="-g" />
					<Add directory="./" />
					<Add directory="../TPGestion" />
				</Compiler>
			</Target>
			<Target title="Release">
				<Option output="bin/Release/TPGESTION" prefix_auto="1" extension_auto="1" />
				<Option object_output="obj/Release/" />
				<Option type="1" />
				<Option compiler="gcc" />
				<Compiler>
					<Add option="-O2" />
					<Add directory="./" />
					<Add directory="../TPGestion" />
				</Compiler>
				<Linker>
					<Add option="-s" />
				</Linker>
			</Target>
		</Build>
		<Compiler>
			<Add option="-Wall" />
			<Add option="-fexceptions" />
		</Compiler>
		<Unit filename="Auto.cpp">
			<Option virtualFolder="Autos/" />
		</Unit>
		<Unit filename="Auto.h">
			<Option virtualFolder="Autos/" />
		</Unit>
		<Unit filename="AutoArchivo.cpp">
			<Option virtualFolder="Autos/" />
		</Unit>
		<Unit filename="AutoArchivo.h">
			<Option virtualFolder="Autos/" />
		</Unit>
		<Unit filename="AutoManager.cpp">
			<Option virtualFolder="Autos/" />
		</Unit>
		<Unit filename="AutoManager.h">
			<Option virtualFolder="Autos/" />
		</Unit>
		<Unit filename="AutoMenu.cpp">
			<Option virtualFolder="Autos/" />
		</Unit>
		<Unit filename="AutoMenu.h">
			<Option virtualFolder="Autos/" />
		</Unit>
		<Unit filename="DetalleVenta.cpp">
			<Option virtualFolder="Auxiliares/" />
		</Unit>
		<Unit filename="DetalleVenta.h">
			<Option virtualFolder="Auxiliares/" />
		</Unit>
		<Unit filename="DetalleVentaArchivo.cpp">
			<Option virtualFolder="Auxiliares/" />
		</Unit>
		<Unit filename="DetalleVentaArchivo.h">
			<Option virtualFolder="Auxiliares/" />
		</Unit>
		<Unit filename="DetalleVentaManager.cpp">
			<Option virtualFolder="Auxiliares/" />
		</Unit>
		<Unit filename="DetalleVentaManager.h">
			<Option virtualFolder="Auxiliares/" />
		</Unit>
		<Unit filename="TipoPago.cpp">
			<Option virtualFolder="Auxiliares/" />
		</Unit>
		<Unit filename="TipoPago.h">
			<Option virtualFolder="Auxiliares/" />
		</Unit>
		<Unit filename="TipoPagoArchivo.cpp">
			<Option virtualFolder="Auxiliares/" />
		</Unit>
		<Unit filename="TipoPagoArchivo.h">
			<Option virtualFolder="Auxiliares/" />
		</Unit>
		<Unit filename="TipoPagoManager.cpp">
			<Option virtualFolder="Auxiliares/" />
		</Unit>
		<Unit filename="TipoPagoManager.h">
			<Option virtualFolder="Auxiliares/" />
		</Unit>
		<Unit filename="TipoPagoMenu.cpp">
			<Option virtualFolder="Auxiliares/" />
		</Unit>
		<Unit filename="TipoPagoMenu.h">
			<Option virtualFolder="Auxiliares/" />
		</Unit>
		<Unit filename="Venta.cpp">
			<Option virtualFolder="Ventas/" />
		</Unit>
		<Unit filename="Venta.h">
			<Option virtualFolder="Ventas/" />
		</Unit>
		<Unit filename="VentaArchivo.cpp">
			<Option virtualFolder="Ventas/" />
		</Unit>
		<Unit filename="VentaArchivo.h">
			<Option virtualFolder="Ventas/" />
		</Unit>
		<Unit filename="VentaManager.cpp">
			<Option virtualFolder="Ventas/" />
		</Unit>
		<Unit filename="VentaManager.h">
			<Option virtualFolder="Ventas/" />
		</Unit>
		<Unit filename="VentaMenu.cpp">
			<Option virtualFolder="Ventas/" />
		</Unit>
		<Unit filename="VentaMenu.h">
			<Option virtualFolder="Ventas/" />
		</Unit>
		<Unit filename="cliente.cpp">
			<Option virtualFolder="Clientes/" />
		</Unit>
		<Unit filename="cliente.h">
			<Option virtualFolder="Clientes/" />
		</Unit>
		<Unit filename="clienteArchivo.cpp">
			<Option virtualFolder="Clientes/" />
		</Unit>
		<Unit filename="clienteArchivo.h">
			<Option virtualFolder="Clientes/" />
		</Unit>
		<Unit filename="clienteManager.cpp">
			<Option virtualFolder="Clientes/" />
		</Unit>
		<Unit filename="clienteManager.h">
			<Option virtualFolder="Clientes/" />
		</Unit>
		<Unit filename="fecha.cpp" />
		<Unit filename="fecha.h" />
		<Unit filename="funciones.cpp" />
		<Unit filename="funciones.h" />
		<Unit filename="main.cpp" />
		<Unit filename="persona.cpp" />
		<Unit filename="persona.h" />
		<Unit filename="utils.cpp" />
		<Unit filename="utils.h" />
		<Unit filename="vendedor.cpp">
			<Option virtualFolder="Vendedores/" />
		</Unit>
		<Unit filename="vendedor.h">
			<Option virtualFolder="Vendedores/" />
		</Unit>
		<Unit filename="vendedorArchivo.cpp">
			<Option virtualFolder="Vendedores/" />
		</Unit>
		<Unit filename="vendedorArchivo.h">
			<Option virtualFolder="Vendedores/" />
		</Unit>
		<Unit filename="vendedorManager.cpp">
			<Option virtualFolder="Vendedores/" />
		</Unit>
		<Unit filename="vendedorManager.h">
			<Option virtualFolder="Vendedores/" />
		</Unit>
		<Extensions>
			<lib_finder disable_auto="1" />
		</Extensions>
	</Project>
</CodeBlocks_project_file>
